
Microsoft Visual Studio Solution File, Format Version 12.00
# Visual Studio 15
VisualStudioVersion = 15.0.28307.168
MinimumVisualStudioVersion = 10.0.40219.1
Project("{8BC9CEB8-8B4A-11D0-8D11-00A0C91BC942}") = "Task1", "Task1\Task1.vcxproj", "{1C4ADCF4-F65F-40E4-8590-9834C3B09C97}"
EndProject
Project("{8BC9CEB8-8B4A-11D0-8D11-00A0C91BC942}") = "Task2", "Task2\Task2.vcxproj", "{250F0663-A59B-4B40-BDC2-51AA5D03509C}"
EndProject
Project("{8BC9CEB8-8B4A-11D0-8D11-00A0C91BC942}") = "Task3", "Task3\Task3.vcxproj", "{F1A36954-5524-4672-8CB7-C9975AA9D58C}"
EndProject
Project("{8BC9CEB8-8B4A-11D0-8D11-00A0C91BC942}") = "Task4", "Task4\Task4.vcxproj", "{ED7C83E0-E42C-47C9-A6B1-21B7A4C92209}"
EndProject
Project("{8BC9CEB8-8B4A-11D0-8D11-00A0C91BC942}") = "Task5", "Task5\Task5.vcxproj", "{A12E902B-FCBD-4362-94EA-7C5E62300D86}"
EndProject
Global
	GlobalSection(SolutionConfigurationPlatforms) = preSolution
		Debug|x64 = Debug|x64
		Debug|x86 = Debug|x86
		Release|x64 = Release|x64
		Release|x86 = Release|x86
	EndGlobalSection
	GlobalSection(ProjectConfigurationPlatforms) = postSolution
		{1C4ADCF4-F65F-40E4-8590-9834C3B09C97}.Debug|x64.ActiveCfg = Debug|x64
		{1C4ADCF4-F65F-40E4-8590-9834C3B09C97}.Debug|x64.Build.0 = Debug|x64
		{1C4ADCF4-F65F-40E4-8590-9834C3B09C97}.Debug|x86.ActiveCfg = Debug|Win32
		{1C4ADCF4-F65F-40E4-8590-9834C3B09C97}.Debug|x86.Build.0 = Debug|Win32
		{1C4ADCF4-F65F-40E4-8590-9834C3B09C97}.Release|x64.ActiveCfg = Release|x64
		{1C4ADCF4-F65F-40E4-8590-9834C3B09C97}.Release|x64.Build.0 = Release|x64
		{1C4ADCF4-F65F-40E4-8590-9834C3B09C97}.Release|x86.ActiveCfg = Release|Win32
		{1C4ADCF4-F65F-40E4-8590-9834C3B09C97}.Release|x86.Build.0 = Release|Win32
		{250F0663-A59B-4B40-BDC2-51AA5D03509C}.Debug|x64.ActiveCfg = Debug|x64
		{250F0663-A59B-4B40-BDC2-51AA5D03509C}.Debug|x64.Build.0 = Debug|x64
		{250F0663-A59B-4B40-BDC2-51AA5D03509C}.Debug|x86.ActiveCfg = Debug|Win32
		{250F0663-A59B-4B40-BDC2-51AA5D03509C}.Debug|x86.Build.0 = Debug|Win32
		{250F0663-A59B-4B40-BDC2-51AA5D03509C}.Release|x64.ActiveCfg = Release|x64
		{250F0663-A59B-4B40-BDC2-51AA5D03509C}.Release|x64.Build.0 = Release|x64
		{250F0663-A59B-4B40-BDC2-51AA5D03509C}.Release|x86.ActiveCfg = Release|Win32
		{250F0663-A59B-4B40-BDC2-51AA5D03509C}.Release|x86.Build.0 = Release|Win32
		{F1A36954-5524-4672-8CB7-C9975AA9D58C}.Debug|x64.ActiveCfg = Debug|x64
		{F1A36954-5524-4672-8CB7-C9975AA9D58C}.Debug|x64.Build.0 = Debug|x64
		{F1A36954-5524-4672-8CB7-C9975AA9D58C}.Debug|x86.ActiveCfg = Debug|Win32
		{F1A36954-5524-4672-8CB7-C9975AA9D58C}.Debug|x86.Build.0 = Debug|Win32
		{F1A36954-5524-4672-8CB7-C9975AA9D58C}.Release|x64.ActiveCfg = Release|x64
		{F1A36954-5524-4672-8CB7-C9975AA9D58C}.Release|x64.Build.0 = Release|x64
		{F1A36954-5524-4672-8CB7-C9975AA9D58C}.Release|x86.ActiveCfg = Release|Win32
		{F1A36954-5524-4672-8CB7-C9975AA9D58C}.Release|x86.Build.0 = Release|Win32
		{ED7C83E0-E42C-47C9-A6B1-21B7A4C92209}.Debug|x64.ActiveCfg = Debug|x64
		{ED7C83E0-E42C-47C9-A6B1-21B7A4C92209}.Debug|x64.Build.0 = Debug|x64
		{ED7C83E0-E42C-47C9-A6B1-21B7A4C92209}.Debug|x86.ActiveCfg = Debug|Win32
		{ED7C83E0-E42C-47C9-A6B1-21B7A4C92209}.Debug|x86.Build.0 = Debug|Win32
		{ED7C83E0-E42C-47C9-A6B1-21B7A4C92209}.Release|x64.ActiveCfg = Release|x64
		{ED7C83E0-E42C-47C9-A6B1-21B7A4C92209}.Release|x64.Build.0 = Release|x64
		{ED7C83E0-E42C-47C9-A6B1-21B7A4C92209}.Release|x86.ActiveCfg = Release|Win32
		{ED7C83E0-E42C-47C9-A6B1-21B7A4C92209}.Release|x86.Build.0 = Release|Win32
		{A12E902B-FCBD-4362-94EA-7C5E62300D86}.Debug|x64.ActiveCfg = Debug|x64
		{A12E902B-FCBD-4362-94EA-7C5E62300D86}.Debug|x64.Build.0 = Debug|x64
		{A12E902B-FCBD-4362-94EA-7C5E62300D86}.Debug|x86.ActiveCfg = Debug|Win32
		{A12E902B-FCBD-4362-94EA-7C5E62300D86}.Debug|x86.Build.0 = Debug|Win32
		{A12E902B-FCBD-4362-94EA-7C5E62300D86}.Release|x64.ActiveCfg = Release|x64
		{A12E902B-FCBD-4362-94EA-7C5E62300D86}.Release|x64.Build.0 = Release|x64
		{A12E902B-FCBD-4362-94EA-7C5E62300D86}.Release|x86.ActiveCfg = Release|Win32
		{A12E902B-FCBD-4362-94EA-7C5E62300D86}.Release|x86.Build.0 = Release|Win32
	EndGlobalSection
	GlobalSection(SolutionProperties) = preSolution
		HideSolutionNode = FALSE
	EndGlobalSection
	GlobalSection(ExtensibilityGlobals) = postSolution
		SolutionGuid = {5800F787-994A-48E5-AC51-16DBD92BC742}
	EndGlobalSection
EndGlobal
