
Microsoft Visual Studio Solution File, Format Version 12.00
# Visual Studio 15
VisualStudioVersion = 15.0.28307.168
MinimumVisualStudioVersion = 10.0.40219.1
Project("{8BC9CEB8-8B4A-11D0-8D11-00A0C91BC942}") = "Task1", "Task1\Task1.vcxproj", "{8404A043-08A3-4527-96A7-3D3A0D141510}"
EndProject
Project("{8BC9CEB8-8B4A-11D0-8D11-00A0C91BC942}") = "Task2", "Task2\Task2.vcxproj", "{8EDCCD4F-C372-4CBE-B238-C07D69A6B8BA}"
EndProject
Project("{8BC9CEB8-8B4A-11D0-8D11-00A0C91BC942}") = "Task3", "Task3\Task3.vcxproj", "{6A7CEA5E-84A9-4419-A927-82F357D9290D}"
EndProject
Project("{8BC9CEB8-8B4A-11D0-8D11-00A0C91BC942}") = "Task4", "Task4\Task4.vcxproj", "{E9EFE750-1F66-4F8A-9695-6C8FB129E91D}"
EndProject
Project("{8BC9CEB8-8B4A-11D0-8D11-00A0C91BC942}") = "Task5", "Task5\Task5.vcxproj", "{75634EEC-5959-4A29-AEF0-1D51E6802E1E}"
EndProject
Global
	GlobalSection(SolutionConfigurationPlatforms) = preSolution
		Debug|x64 = Debug|x64
		Debug|x86 = Debug|x86
		Release|x64 = Release|x64
		Release|x86 = Release|x86
	EndGlobalSection
	GlobalSection(ProjectConfigurationPlatforms) = postSolution
		{8404A043-08A3-4527-96A7-3D3A0D141510}.Debug|x64.ActiveCfg = Debug|x64
		{8404A043-08A3-4527-96A7-3D3A0D141510}.Debug|x64.Build.0 = Debug|x64
		{8404A043-08A3-4527-96A7-3D3A0D141510}.Debug|x86.ActiveCfg = Debug|Win32
		{8404A043-08A3-4527-96A7-3D3A0D141510}.Debug|x86.Build.0 = Debug|Win32
		{8404A043-08A3-4527-96A7-3D3A0D141510}.Release|x64.ActiveCfg = Release|x64
		{8404A043-08A3-4527-96A7-3D3A0D141510}.Release|x64.Build.0 = Release|x64
		{8404A043-08A3-4527-96A7-3D3A0D141510}.Release|x86.ActiveCfg = Release|Win32
		{8404A043-08A3-4527-96A7-3D3A0D141510}.Release|x86.Build.0 = Release|Win32
		{8EDCCD4F-C372-4CBE-B238-C07D69A6B8BA}.Debug|x64.ActiveCfg = Debug|x64
		{8EDCCD4F-C372-4CBE-B238-C07D69A6B8BA}.Debug|x64.Build.0 = Debug|x64
		{8EDCCD4F-C372-4CBE-B238-C07D69A6B8BA}.Debug|x86.ActiveCfg = Debug|Win32
		{8EDCCD4F-C372-4CBE-B238-C07D69A6B8BA}.Debug|x86.Build.0 = Debug|Win32
		{8EDCCD4F-C372-4CBE-B238-C07D69A6B8BA}.Release|x64.ActiveCfg = Release|x64
		{8EDCCD4F-C372-4CBE-B238-C07D69A6B8BA}.Release|x64.Build.0 = Release|x64
		{8EDCCD4F-C372-4CBE-B238-C07D69A6B8BA}.Release|x86.ActiveCfg = Release|Win32
		{8EDCCD4F-C372-4CBE-B238-C07D69A6B8BA}.Release|x86.Build.0 = Release|Win32
		{6A7CEA5E-84A9-4419-A927-82F357D9290D}.Debug|x64.ActiveCfg = Debug|x64
		{6A7CEA5E-84A9-4419-A927-82F357D9290D}.Debug|x64.Build.0 = Debug|x64
		{6A7CEA5E-84A9-4419-A927-82F357D9290D}.Debug|x86.ActiveCfg = Debug|Win32
		{6A7CEA5E-84A9-4419-A927-82F357D9290D}.Debug|x86.Build.0 = Debug|Win32
		{6A7CEA5E-84A9-4419-A927-82F357D9290D}.Release|x64.ActiveCfg = Release|x64
		{6A7CEA5E-84A9-4419-A927-82F357D9290D}.Release|x64.Build.0 = Release|x64
		{6A7CEA5E-84A9-4419-A927-82F357D9290D}.Release|x86.ActiveCfg = Release|Win32
		{6A7CEA5E-84A9-4419-A927-82F357D9290D}.Release|x86.Build.0 = Release|Win32
		{E9EFE750-1F66-4F8A-9695-6C8FB129E91D}.Debug|x64.ActiveCfg = Debug|x64
		{E9EFE750-1F66-4F8A-9695-6C8FB129E91D}.Debug|x64.Build.0 = Debug|x64
		{E9EFE750-1F66-4F8A-9695-6C8FB129E91D}.Debug|x86.ActiveCfg = Debug|Win32
		{E9EFE750-1F66-4F8A-9695-6C8FB129E91D}.Debug|x86.Build.0 = Debug|Win32
		{E9EFE750-1F66-4F8A-9695-6C8FB129E91D}.Release|x64.ActiveCfg = Release|x64
		{E9EFE750-1F66-4F8A-9695-6C8FB129E91D}.Release|x64.Build.0 = Release|x64
		{E9EFE750-1F66-4F8A-9695-6C8FB129E91D}.Release|x86.ActiveCfg = Release|Win32
		{E9EFE750-1F66-4F8A-9695-6C8FB129E91D}.Release|x86.Build.0 = Release|Win32
		{75634EEC-5959-4A29-AEF0-1D51E6802E1E}.Debug|x64.ActiveCfg = Debug|x64
		{75634EEC-5959-4A29-AEF0-1D51E6802E1E}.Debug|x64.Build.0 = Debug|x64
		{75634EEC-5959-4A29-AEF0-1D51E6802E1E}.Debug|x86.ActiveCfg = Debug|Win32
		{75634EEC-5959-4A29-AEF0-1D51E6802E1E}.Debug|x86.Build.0 = Debug|Win32
		{75634EEC-5959-4A29-AEF0-1D51E6802E1E}.Release|x64.ActiveCfg = Release|x64
		{75634EEC-5959-4A29-AEF0-1D51E6802E1E}.Release|x64.Build.0 = Release|x64
		{75634EEC-5959-4A29-AEF0-1D51E6802E1E}.Release|x86.ActiveCfg = Release|Win32
		{75634EEC-5959-4A29-AEF0-1D51E6802E1E}.Release|x86.Build.0 = Release|Win32
	EndGlobalSection
	GlobalSection(SolutionProperties) = preSolution
		HideSolutionNode = FALSE
	EndGlobalSection
	GlobalSection(ExtensibilityGlobals) = postSolution
		SolutionGuid = {245D3725-FD40-4425-846A-10AD12CF3146}
	EndGlobalSection
EndGlobal
