
Microsoft Visual Studio Solution File, Format Version 12.00
# Visual Studio 15
VisualStudioVersion = 15.0.28307.168
MinimumVisualStudioVersion = 10.0.40219.1
Project("{8BC9CEB8-8B4A-11D0-8D11-00A0C91BC942}") = "Task1", "Task1\Task1.vcxproj", "{F5FE7DEA-F804-4435-AD40-AFECAFE7512F}"
EndProject
Project("{8BC9CEB8-8B4A-11D0-8D11-00A0C91BC942}") = "Task2", "Task2\Task2.vcxproj", "{B63F4AD4-DE43-4740-8387-B19C648AE5FA}"
EndProject
Project("{8BC9CEB8-8B4A-11D0-8D11-00A0C91BC942}") = "Task3", "Task3\Task3.vcxproj", "{7829279F-6EEF-4C2A-B127-8CF4C37BCB5C}"
EndProject
Project("{8BC9CEB8-8B4A-11D0-8D11-00A0C91BC942}") = "Task4", "Task4\Task4.vcxproj", "{6EEB47D4-BEB9-4203-9758-11BC0BB5F589}"
EndProject
Project("{8BC9CEB8-8B4A-11D0-8D11-00A0C91BC942}") = "Task5", "Task5\Task5.vcxproj", "{AC921144-4882-4A88-B598-96A294BA9C9A}"
EndProject
Global
	GlobalSection(SolutionConfigurationPlatforms) = preSolution
		Debug|x64 = Debug|x64
		Debug|x86 = Debug|x86
		Release|x64 = Release|x64
		Release|x86 = Release|x86
	EndGlobalSection
	GlobalSection(ProjectConfigurationPlatforms) = postSolution
		{F5FE7DEA-F804-4435-AD40-AFECAFE7512F}.Debug|x64.ActiveCfg = Debug|x64
		{F5FE7DEA-F804-4435-AD40-AFECAFE7512F}.Debug|x64.Build.0 = Debug|x64
		{F5FE7DEA-F804-4435-AD40-AFECAFE7512F}.Debug|x86.ActiveCfg = Debug|Win32
		{F5FE7DEA-F804-4435-AD40-AFECAFE7512F}.Debug|x86.Build.0 = Debug|Win32
		{F5FE7DEA-F804-4435-AD40-AFECAFE7512F}.Release|x64.ActiveCfg = Release|x64
		{F5FE7DEA-F804-4435-AD40-AFECAFE7512F}.Release|x64.Build.0 = Release|x64
		{F5FE7DEA-F804-4435-AD40-AFECAFE7512F}.Release|x86.ActiveCfg = Release|Win32
		{F5FE7DEA-F804-4435-AD40-AFECAFE7512F}.Release|x86.Build.0 = Release|Win32
		{B63F4AD4-DE43-4740-8387-B19C648AE5FA}.Debug|x64.ActiveCfg = Debug|x64
		{B63F4AD4-DE43-4740-8387-B19C648AE5FA}.Debug|x64.Build.0 = Debug|x64
		{B63F4AD4-DE43-4740-8387-B19C648AE5FA}.Debug|x86.ActiveCfg = Debug|Win32
		{B63F4AD4-DE43-4740-8387-B19C648AE5FA}.Debug|x86.Build.0 = Debug|Win32
		{B63F4AD4-DE43-4740-8387-B19C648AE5FA}.Release|x64.ActiveCfg = Release|x64
		{B63F4AD4-DE43-4740-8387-B19C648AE5FA}.Release|x64.Build.0 = Release|x64
		{B63F4AD4-DE43-4740-8387-B19C648AE5FA}.Release|x86.ActiveCfg = Release|Win32
		{B63F4AD4-DE43-4740-8387-B19C648AE5FA}.Release|x86.Build.0 = Release|Win32
		{7829279F-6EEF-4C2A-B127-8CF4C37BCB5C}.Debug|x64.ActiveCfg = Debug|x64
		{7829279F-6EEF-4C2A-B127-8CF4C37BCB5C}.Debug|x64.Build.0 = Debug|x64
		{7829279F-6EEF-4C2A-B127-8CF4C37BCB5C}.Debug|x86.ActiveCfg = Debug|Win32
		{7829279F-6EEF-4C2A-B127-8CF4C37BCB5C}.Debug|x86.Build.0 = Debug|Win32
		{7829279F-6EEF-4C2A-B127-8CF4C37BCB5C}.Release|x64.ActiveCfg = Release|x64
		{7829279F-6EEF-4C2A-B127-8CF4C37BCB5C}.Release|x64.Build.0 = Release|x64
		{7829279F-6EEF-4C2A-B127-8CF4C37BCB5C}.Release|x86.ActiveCfg = Release|Win32
		{7829279F-6EEF-4C2A-B127-8CF4C37BCB5C}.Release|x86.Build.0 = Release|Win32
		{6EEB47D4-BEB9-4203-9758-11BC0BB5F589}.Debug|x64.ActiveCfg = Debug|x64
		{6EEB47D4-BEB9-4203-9758-11BC0BB5F589}.Debug|x64.Build.0 = Debug|x64
		{6EEB47D4-BEB9-4203-9758-11BC0BB5F589}.Debug|x86.ActiveCfg = Debug|Win32
		{6EEB47D4-BEB9-4203-9758-11BC0BB5F589}.Debug|x86.Build.0 = Debug|Win32
		{6EEB47D4-BEB9-4203-9758-11BC0BB5F589}.Release|x64.ActiveCfg = Release|x64
		{6EEB47D4-BEB9-4203-9758-11BC0BB5F589}.Release|x64.Build.0 = Release|x64
		{6EEB47D4-BEB9-4203-9758-11BC0BB5F589}.Release|x86.ActiveCfg = Release|Win32
		{6EEB47D4-BEB9-4203-9758-11BC0BB5F589}.Release|x86.Build.0 = Release|Win32
		{AC921144-4882-4A88-B598-96A294BA9C9A}.Debug|x64.ActiveCfg = Debug|x64
		{AC921144-4882-4A88-B598-96A294BA9C9A}.Debug|x64.Build.0 = Debug|x64
		{AC921144-4882-4A88-B598-96A294BA9C9A}.Debug|x86.ActiveCfg = Debug|Win32
		{AC921144-4882-4A88-B598-96A294BA9C9A}.Debug|x86.Build.0 = Debug|Win32
		{AC921144-4882-4A88-B598-96A294BA9C9A}.Release|x64.ActiveCfg = Release|x64
		{AC921144-4882-4A88-B598-96A294BA9C9A}.Release|x64.Build.0 = Release|x64
		{AC921144-4882-4A88-B598-96A294BA9C9A}.Release|x86.ActiveCfg = Release|Win32
		{AC921144-4882-4A88-B598-96A294BA9C9A}.Release|x86.Build.0 = Release|Win32
	EndGlobalSection
	GlobalSection(SolutionProperties) = preSolution
		HideSolutionNode = FALSE
	EndGlobalSection
	GlobalSection(ExtensibilityGlobals) = postSolution
		SolutionGuid = {15DCD5E3-9872-4659-A440-596BBFBC0101}
	EndGlobalSection
EndGlobal
