
Microsoft Visual Studio Solution File, Format Version 12.00
# Visual Studio 15
VisualStudioVersion = 15.0.27703.2047
MinimumVisualStudioVersion = 10.0.40219.1
Project("{8BC9CEB8-8B4A-11D0-8D11-00A0C91BC942}") = "0.Task1", "0.Introduction\0.Task1\0.Task1.vcxproj", "{DF2BEEF4-7A42-4E7E-BFB0-84D2F14AD369}"
EndProject
Project("{8BC9CEB8-8B4A-11D0-8D11-00A0C91BC942}") = "0.Task2", "0.Introduction\0.Task2\0.Task2.vcxproj", "{39D94666-810B-425A-A96B-8FD7F6C82EE9}"
EndProject
Project("{8BC9CEB8-8B4A-11D0-8D11-00A0C91BC942}") = "0.Task3", "0.Introduction\0.Task3\0.Task3.vcxproj", "{2FAD7E87-3116-4CAD-A6A0-6D10D81B28B9}"
EndProject
Project("{8BC9CEB8-8B4A-11D0-8D11-00A0C91BC942}") = "0.Task4", "0.Introduction\0.Task4\0.Task4.vcxproj", "{717C385E-D3A4-41B6-B3DF-73021C09B610}"
EndProject
Project("{8BC9CEB8-8B4A-11D0-8D11-00A0C91BC942}") = "0.Task5", "0.Introduction\0.Task5\0.Task5.vcxproj", "{5E39DFDE-85A4-407E-B120-D133153536D2}"
EndProject
Project("{2150E333-8FDC-42A3-9474-1A3956D46DE8}") = "0.Introduction", "0.Introduction", "{D2DC039C-7A32-4A9B-96BB-D50A9D033040}"
	ProjectSection(SolutionItems) = preProject
		0.Introduction\README.md = 0.Introduction\README.md
	EndProjectSection
EndProject
Project("{2150E333-8FDC-42A3-9474-1A3956D46DE8}") = "1.Date_and_time", "1.Date_and_time", "{90586B1E-C7A9-48D7-A8C0-4BA85C938C71}"
	ProjectSection(SolutionItems) = preProject
		1.Date_and_time\README.md = 1.Date_and_time\README.md
	EndProjectSection
EndProject
Project("{2150E333-8FDC-42A3-9474-1A3956D46DE8}") = "2.Formulas", "2.Formulas", "{AF7755A9-5C1F-4E45-A07B-FF380D585730}"
	ProjectSection(SolutionItems) = preProject
		2.Formulas\README.md = 2.Formulas\README.md
	EndProjectSection
EndProject
Project("{2150E333-8FDC-42A3-9474-1A3956D46DE8}") = "3.Modelling", "3.Modelling", "{1F90134D-E759-423C-94F3-CAA70F88AFBC}"
	ProjectSection(SolutionItems) = preProject
		3.Modelling\README.md = 3.Modelling\README.md
	EndProjectSection
EndProject
Project("{2150E333-8FDC-42A3-9474-1A3956D46DE8}") = "4.Combine", "4.Combine", "{1BF3024C-CEE8-4C8E-AD69-29AC00DCB383}"
	ProjectSection(SolutionItems) = preProject
		4.Combine\README.md = 4.Combine\README.md
		4.Combine\4.Task1\README.md = 4.Combine\4.Task1\README.md
	EndProjectSection
EndProject
Project("{2150E333-8FDC-42A3-9474-1A3956D46DE8}") = "5.Binary_search", "5.Binary_search", "{DE026F7A-7D3F-4FF0-9F88-A899A5958FDD}"
	ProjectSection(SolutionItems) = preProject
		5.Binary_search\README.md = 5.Binary_search\README.md
	EndProjectSection
EndProject
Project("{2150E333-8FDC-42A3-9474-1A3956D46DE8}") = "6.Pointers", "6.Pointers", "{DB7A777C-FDB2-4341-9484-DE6B11C12439}"
	ProjectSection(SolutionItems) = preProject
		6.Pointers\README.md = 6.Pointers\README.md
	EndProjectSection
EndProject
Project("{2150E333-8FDC-42A3-9474-1A3956D46DE8}") = "7.Mistakes", "7.Mistakes", "{6D2DB930-5B60-4415-8E5E-D9E4A6655A64}"
	ProjectSection(SolutionItems) = preProject
		7.Mistakes\README.md = 7.Mistakes\README.md
	EndProjectSection
EndProject
Project("{2150E333-8FDC-42A3-9474-1A3956D46DE8}") = "8.Tests", "8.Tests", "{A117A097-0DF1-48EE-ABFE-03B114D288F9}"
	ProjectSection(SolutionItems) = preProject
		8.Tests\README.md = 8.Tests\README.md
	EndProjectSection
EndProject
Project("{8BC9CEB8-8B4A-11D0-8D11-00A0C91BC942}") = "1.Task1", "1.Date_and_time\1.Task1\1.Task1.vcxproj", "{85239F25-7021-4E66-A2C5-3A356AE81719}"
EndProject
Project("{8BC9CEB8-8B4A-11D0-8D11-00A0C91BC942}") = "1.Task2", "1.Date_and_time\1.Task2\1.Task2.vcxproj", "{F4244AE1-1F25-412D-BB93-3C865CBA4972}"
EndProject
Project("{8BC9CEB8-8B4A-11D0-8D11-00A0C91BC942}") = "1.Task3", "1.Date_and_time\1.Task3\1.Task3.vcxproj", "{5A844B63-F7F4-42C8-B7E2-239D20BC1D60}"
EndProject
Project("{8BC9CEB8-8B4A-11D0-8D11-00A0C91BC942}") = "1.Task4", "1.Date_and_time\1.Task4\1.Task4.vcxproj", "{1A3E9957-D9A9-4D33-AC8B-7C9DAD1A9202}"
EndProject
Project("{8BC9CEB8-8B4A-11D0-8D11-00A0C91BC942}") = "1.Task5", "1.Date_and_time\1.Task5\1.Task5.vcxproj", "{A74526FE-EE31-4089-A5E0-39C4C0D8260A}"
EndProject
Project("{2150E333-8FDC-42A3-9474-1A3956D46DE8}") = "Solution Items", "Solution Items", "{7E67E5DC-9117-4C31-B3E5-790F039B04C3}"
	ProjectSection(SolutionItems) = preProject
		README.md = README.md
	EndProjectSection
EndProject
Project("{8BC9CEB8-8B4A-11D0-8D11-00A0C91BC942}") = "2.Task1", "2.Formulas\2.Task1\2.Task1.vcxproj", "{F111081D-C3FA-4C35-AE4E-CB0AB56318D8}"
EndProject
Project("{8BC9CEB8-8B4A-11D0-8D11-00A0C91BC942}") = "2.Task2", "2.Formulas\2.Task2\2.Task2.vcxproj", "{FB61C9F4-5F3B-4F5E-A6AE-70755A2E9E66}"
EndProject
Project("{8BC9CEB8-8B4A-11D0-8D11-00A0C91BC942}") = "2.Task3", "2.Formulas\2.Task3\2.Task3.vcxproj", "{642ED2AD-725B-4C80-82EF-EB26AEE7F79A}"
EndProject
Project("{8BC9CEB8-8B4A-11D0-8D11-00A0C91BC942}") = "2.Task4", "2.Formulas\2.Task4\2.Task4.vcxproj", "{8D6A96E5-1EEA-41A2-A4B0-ED5842F9E034}"
EndProject
Project("{8BC9CEB8-8B4A-11D0-8D11-00A0C91BC942}") = "2.Task5", "2.Formulas\2.Task5\2.Task5.vcxproj", "{316AD2C0-6AB7-4B65-B5E5-E2D4558D040F}"
EndProject
Project("{8BC9CEB8-8B4A-11D0-8D11-00A0C91BC942}") = "3.Task1", "3.Modelling\3.Task1\3.Task1.vcxproj", "{DC0D326B-2FDE-4740-BBBC-29BAE83C7BF6}"
EndProject
Project("{8BC9CEB8-8B4A-11D0-8D11-00A0C91BC942}") = "3.Task2", "3.Modelling\3.Task2\3.Task2.vcxproj", "{CC25018F-1847-4A9C-BD3F-17761BA1B7E3}"
EndProject
Project("{8BC9CEB8-8B4A-11D0-8D11-00A0C91BC942}") = "3.Task5", "3.Modelling\3.Task5\3.Task5.vcxproj", "{CEABF8CD-9778-434B-90AF-FFC999ED977C}"
EndProject
Project("{8BC9CEB8-8B4A-11D0-8D11-00A0C91BC942}") = "3.Task4", "3.Modelling\3.Task4\3.Task4.vcxproj", "{F130F39E-A590-4AC8-A490-370DA4D55D00}"
EndProject
Project("{8BC9CEB8-8B4A-11D0-8D11-00A0C91BC942}") = "3.Task3", "3.Modelling\3.Task3\3.Task3.vcxproj", "{05AC7AFE-27EF-4ABD-9992-3F6D2FC465BD}"
EndProject
Project("{8BC9CEB8-8B4A-11D0-8D11-00A0C91BC942}") = "4.Task5", "4.Combine\4.Task5\4.Task5.vcxproj", "{B3070BEE-A634-47C4-BBB2-A097B8F006CA}"
EndProject
Project("{8BC9CEB8-8B4A-11D0-8D11-00A0C91BC942}") = "4.Task4", "4.Combine\4.Task4\4.Task4.vcxproj", "{67F2DC9A-227B-4888-85CD-9EF9A3CEACB4}"
EndProject
Project("{8BC9CEB8-8B4A-11D0-8D11-00A0C91BC942}") = "4.Task3", "4.Combine\4.Task3\4.Task3.vcxproj", "{4A67B1CF-7BD3-4809-8DA9-2DFA6E583671}"
EndProject
Project("{8BC9CEB8-8B4A-11D0-8D11-00A0C91BC942}") = "4.Task2", "4.Combine\4.Task2\4.Task2.vcxproj", "{8B61B342-383F-4E63-A64E-5FE4776D3006}"
EndProject
Project("{8BC9CEB8-8B4A-11D0-8D11-00A0C91BC942}") = "4.Task1", "4.Combine\4.Task1\4.Task1.vcxproj", "{867FA74F-F7F2-4CBB-8329-AB024EC877A0}"
EndProject
Project("{8BC9CEB8-8B4A-11D0-8D11-00A0C91BC942}") = "5.Task5", "5.Binary_search\5.Task5\5.Task5.vcxproj", "{103DCCA5-B4DC-48E7-B731-4B0EEF1BFF27}"
EndProject
Project("{8BC9CEB8-8B4A-11D0-8D11-00A0C91BC942}") = "5.Task4", "5.Binary_search\5.Task4\5.Task4.vcxproj", "{01DF00E6-6BA0-4133-93BA-7C8C38856735}"
EndProject
Project("{8BC9CEB8-8B4A-11D0-8D11-00A0C91BC942}") = "5.Task3", "5.Binary_search\5.Task3\5.Task3.vcxproj", "{0840ACD5-2B04-42C1-9AFC-6DAAADFFC896}"
EndProject
Project("{8BC9CEB8-8B4A-11D0-8D11-00A0C91BC942}") = "5.Task2", "5.Binary_search\5.Task2\5.Task2.vcxproj", "{95D55C49-87FE-4C1D-9A59-2ADFC6F1F764}"
EndProject
Project("{8BC9CEB8-8B4A-11D0-8D11-00A0C91BC942}") = "5.Task1", "5.Binary_search\5.Task1\5.Task1.vcxproj", "{E02B4614-4C6D-413B-8422-B4A802C8F4B8}"
EndProject
Project("{8BC9CEB8-8B4A-11D0-8D11-00A0C91BC942}") = "6.Task5", "6.Pointers\6.Task5\6.Task5.vcxproj", "{B295FBF7-3C85-4E66-8FD5-21D12AE3DA59}"
EndProject
Project("{8BC9CEB8-8B4A-11D0-8D11-00A0C91BC942}") = "6.Task4", "6.Pointers\6.Task4\6.Task4.vcxproj", "{993CC3FA-74E3-45FF-AE63-3131470DCB96}"
EndProject
Project("{8BC9CEB8-8B4A-11D0-8D11-00A0C91BC942}") = "6.Task3", "6.Pointers\6.Task3\6.Task3.vcxproj", "{920A911E-DEC7-49B1-AD42-184EF01305B5}"
EndProject
Project("{8BC9CEB8-8B4A-11D0-8D11-00A0C91BC942}") = "6.Task2", "6.Pointers\6.Task2\6.Task2.vcxproj", "{ADF13F14-BA7F-491B-B3E4-463A52F75ADB}"
EndProject
Project("{8BC9CEB8-8B4A-11D0-8D11-00A0C91BC942}") = "6.Task1", "6.Pointers\6.Task1\6.Task1.vcxproj", "{FBDA5A11-AE82-4253-AAE1-990D83ABDB78}"
EndProject
Project("{8BC9CEB8-8B4A-11D0-8D11-00A0C91BC942}") = "7.Task5", "7.Mistakes\7.Task5\7.Task5.vcxproj", "{22C2B5C3-5ADE-4F86-8954-7097F4F8EE92}"
EndProject
Project("{8BC9CEB8-8B4A-11D0-8D11-00A0C91BC942}") = "7.Task4", "7.Mistakes\7.Task4\7.Task4.vcxproj", "{D393F1BD-4850-4FCB-964B-ADBB8F0FB693}"
EndProject
Project("{8BC9CEB8-8B4A-11D0-8D11-00A0C91BC942}") = "7.Task3", "7.Mistakes\7.Task3\7.Task3.vcxproj", "{4B251545-8D8D-4005-A740-A69A72AF918F}"
EndProject
Project("{8BC9CEB8-8B4A-11D0-8D11-00A0C91BC942}") = "7.Task2", "7.Mistakes\7.Task2\7.Task2.vcxproj", "{C712DBAE-870B-4C22-BADF-BCB9A29DB4FC}"
EndProject
Project("{8BC9CEB8-8B4A-11D0-8D11-00A0C91BC942}") = "7.Task1", "7.Mistakes\7.Task1\7.Task1.vcxproj", "{D4ED6A29-462C-44AC-A0EB-52863030947B}"
EndProject
Project("{8BC9CEB8-8B4A-11D0-8D11-00A0C91BC942}") = "8.Task5", "8.Tests\8.Task5\8.Task5.vcxproj", "{9E7B2F4D-A32F-4685-8941-31AE14486BDF}"
EndProject
Project("{8BC9CEB8-8B4A-11D0-8D11-00A0C91BC942}") = "8.Task4", "8.Tests\8.Task4\8.Task4.vcxproj", "{D80D855C-11AC-4AD5-81F1-6C6C6C039554}"
EndProject
Project("{8BC9CEB8-8B4A-11D0-8D11-00A0C91BC942}") = "8.Task3", "8.Tests\8.Task3\8.Task3.vcxproj", "{FFC50989-3366-4434-9AD0-9D3EA7E69E8A}"
EndProject
Project("{8BC9CEB8-8B4A-11D0-8D11-00A0C91BC942}") = "8.Task2", "8.Tests\8.Task2\8.Task2.vcxproj", "{21E1D7BA-42D0-4843-93B6-514F7C49D94A}"
EndProject
Project("{8BC9CEB8-8B4A-11D0-8D11-00A0C91BC942}") = "8.Task1", "8.Tests\8.Task1\8.Task1.vcxproj", "{909CA8BD-5E21-455A-AF13-257931D9D496}"
EndProject
Global
	GlobalSection(SolutionConfigurationPlatforms) = preSolution
		Debug|x64 = Debug|x64
		Debug|x86 = Debug|x86
		Release|x64 = Release|x64
		Release|x86 = Release|x86
	EndGlobalSection
	GlobalSection(ProjectConfigurationPlatforms) = postSolution
		{DF2BEEF4-7A42-4E7E-BFB0-84D2F14AD369}.Debug|x64.ActiveCfg = Debug|x64
		{DF2BEEF4-7A42-4E7E-BFB0-84D2F14AD369}.Debug|x64.Build.0 = Debug|x64
		{DF2BEEF4-7A42-4E7E-BFB0-84D2F14AD369}.Debug|x86.ActiveCfg = Debug|Win32
		{DF2BEEF4-7A42-4E7E-BFB0-84D2F14AD369}.Debug|x86.Build.0 = Debug|Win32
		{DF2BEEF4-7A42-4E7E-BFB0-84D2F14AD369}.Release|x64.ActiveCfg = Release|x64
		{DF2BEEF4-7A42-4E7E-BFB0-84D2F14AD369}.Release|x64.Build.0 = Release|x64
		{DF2BEEF4-7A42-4E7E-BFB0-84D2F14AD369}.Release|x86.ActiveCfg = Release|Win32
		{DF2BEEF4-7A42-4E7E-BFB0-84D2F14AD369}.Release|x86.Build.0 = Release|Win32
		{39D94666-810B-425A-A96B-8FD7F6C82EE9}.Debug|x64.ActiveCfg = Debug|x64
		{39D94666-810B-425A-A96B-8FD7F6C82EE9}.Debug|x64.Build.0 = Debug|x64
		{39D94666-810B-425A-A96B-8FD7F6C82EE9}.Debug|x86.ActiveCfg = Debug|Win32
		{39D94666-810B-425A-A96B-8FD7F6C82EE9}.Debug|x86.Build.0 = Debug|Win32
		{39D94666-810B-425A-A96B-8FD7F6C82EE9}.Release|x64.ActiveCfg = Release|x64
		{39D94666-810B-425A-A96B-8FD7F6C82EE9}.Release|x64.Build.0 = Release|x64
		{39D94666-810B-425A-A96B-8FD7F6C82EE9}.Release|x86.ActiveCfg = Release|Win32
		{39D94666-810B-425A-A96B-8FD7F6C82EE9}.Release|x86.Build.0 = Release|Win32
		{2FAD7E87-3116-4CAD-A6A0-6D10D81B28B9}.Debug|x64.ActiveCfg = Debug|x64
		{2FAD7E87-3116-4CAD-A6A0-6D10D81B28B9}.Debug|x64.Build.0 = Debug|x64
		{2FAD7E87-3116-4CAD-A6A0-6D10D81B28B9}.Debug|x86.ActiveCfg = Debug|Win32
		{2FAD7E87-3116-4CAD-A6A0-6D10D81B28B9}.Debug|x86.Build.0 = Debug|Win32
		{2FAD7E87-3116-4CAD-A6A0-6D10D81B28B9}.Release|x64.ActiveCfg = Release|x64
		{2FAD7E87-3116-4CAD-A6A0-6D10D81B28B9}.Release|x64.Build.0 = Release|x64
		{2FAD7E87-3116-4CAD-A6A0-6D10D81B28B9}.Release|x86.ActiveCfg = Release|Win32
		{2FAD7E87-3116-4CAD-A6A0-6D10D81B28B9}.Release|x86.Build.0 = Release|Win32
		{717C385E-D3A4-41B6-B3DF-73021C09B610}.Debug|x64.ActiveCfg = Debug|x64
		{717C385E-D3A4-41B6-B3DF-73021C09B610}.Debug|x64.Build.0 = Debug|x64
		{717C385E-D3A4-41B6-B3DF-73021C09B610}.Debug|x86.ActiveCfg = Debug|Win32
		{717C385E-D3A4-41B6-B3DF-73021C09B610}.Debug|x86.Build.0 = Debug|Win32
		{717C385E-D3A4-41B6-B3DF-73021C09B610}.Release|x64.ActiveCfg = Release|x64
		{717C385E-D3A4-41B6-B3DF-73021C09B610}.Release|x64.Build.0 = Release|x64
		{717C385E-D3A4-41B6-B3DF-73021C09B610}.Release|x86.ActiveCfg = Release|Win32
		{717C385E-D3A4-41B6-B3DF-73021C09B610}.Release|x86.Build.0 = Release|Win32
		{5E39DFDE-85A4-407E-B120-D133153536D2}.Debug|x64.ActiveCfg = Debug|x64
		{5E39DFDE-85A4-407E-B120-D133153536D2}.Debug|x64.Build.0 = Debug|x64
		{5E39DFDE-85A4-407E-B120-D133153536D2}.Debug|x86.ActiveCfg = Debug|Win32
		{5E39DFDE-85A4-407E-B120-D133153536D2}.Debug|x86.Build.0 = Debug|Win32
		{5E39DFDE-85A4-407E-B120-D133153536D2}.Release|x64.ActiveCfg = Release|x64
		{5E39DFDE-85A4-407E-B120-D133153536D2}.Release|x64.Build.0 = Release|x64
		{5E39DFDE-85A4-407E-B120-D133153536D2}.Release|x86.ActiveCfg = Release|Win32
		{5E39DFDE-85A4-407E-B120-D133153536D2}.Release|x86.Build.0 = Release|Win32
		{85239F25-7021-4E66-A2C5-3A356AE81719}.Debug|x64.ActiveCfg = Debug|x64
		{85239F25-7021-4E66-A2C5-3A356AE81719}.Debug|x64.Build.0 = Debug|x64
		{85239F25-7021-4E66-A2C5-3A356AE81719}.Debug|x86.ActiveCfg = Debug|Win32
		{85239F25-7021-4E66-A2C5-3A356AE81719}.Debug|x86.Build.0 = Debug|Win32
		{85239F25-7021-4E66-A2C5-3A356AE81719}.Release|x64.ActiveCfg = Release|x64
		{85239F25-7021-4E66-A2C5-3A356AE81719}.Release|x64.Build.0 = Release|x64
		{85239F25-7021-4E66-A2C5-3A356AE81719}.Release|x86.ActiveCfg = Release|Win32
		{85239F25-7021-4E66-A2C5-3A356AE81719}.Release|x86.Build.0 = Release|Win32
		{F4244AE1-1F25-412D-BB93-3C865CBA4972}.Debug|x64.ActiveCfg = Debug|x64
		{F4244AE1-1F25-412D-BB93-3C865CBA4972}.Debug|x64.Build.0 = Debug|x64
		{F4244AE1-1F25-412D-BB93-3C865CBA4972}.Debug|x86.ActiveCfg = Debug|Win32
		{F4244AE1-1F25-412D-BB93-3C865CBA4972}.Debug|x86.Build.0 = Debug|Win32
		{F4244AE1-1F25-412D-BB93-3C865CBA4972}.Release|x64.ActiveCfg = Release|x64
		{F4244AE1-1F25-412D-BB93-3C865CBA4972}.Release|x64.Build.0 = Release|x64
		{F4244AE1-1F25-412D-BB93-3C865CBA4972}.Release|x86.ActiveCfg = Release|Win32
		{F4244AE1-1F25-412D-BB93-3C865CBA4972}.Release|x86.Build.0 = Release|Win32
		{5A844B63-F7F4-42C8-B7E2-239D20BC1D60}.Debug|x64.ActiveCfg = Debug|x64
		{5A844B63-F7F4-42C8-B7E2-239D20BC1D60}.Debug|x64.Build.0 = Debug|x64
		{5A844B63-F7F4-42C8-B7E2-239D20BC1D60}.Debug|x86.ActiveCfg = Debug|Win32
		{5A844B63-F7F4-42C8-B7E2-239D20BC1D60}.Debug|x86.Build.0 = Debug|Win32
		{5A844B63-F7F4-42C8-B7E2-239D20BC1D60}.Release|x64.ActiveCfg = Release|x64
		{5A844B63-F7F4-42C8-B7E2-239D20BC1D60}.Release|x64.Build.0 = Release|x64
		{5A844B63-F7F4-42C8-B7E2-239D20BC1D60}.Release|x86.ActiveCfg = Release|Win32
		{5A844B63-F7F4-42C8-B7E2-239D20BC1D60}.Release|x86.Build.0 = Release|Win32
		{1A3E9957-D9A9-4D33-AC8B-7C9DAD1A9202}.Debug|x64.ActiveCfg = Debug|x64
		{1A3E9957-D9A9-4D33-AC8B-7C9DAD1A9202}.Debug|x64.Build.0 = Debug|x64
		{1A3E9957-D9A9-4D33-AC8B-7C9DAD1A9202}.Debug|x86.ActiveCfg = Debug|Win32
		{1A3E9957-D9A9-4D33-AC8B-7C9DAD1A9202}.Debug|x86.Build.0 = Debug|Win32
		{1A3E9957-D9A9-4D33-AC8B-7C9DAD1A9202}.Release|x64.ActiveCfg = Release|x64
		{1A3E9957-D9A9-4D33-AC8B-7C9DAD1A9202}.Release|x64.Build.0 = Release|x64
		{1A3E9957-D9A9-4D33-AC8B-7C9DAD1A9202}.Release|x86.ActiveCfg = Release|Win32
		{1A3E9957-D9A9-4D33-AC8B-7C9DAD1A9202}.Release|x86.Build.0 = Release|Win32
		{A74526FE-EE31-4089-A5E0-39C4C0D8260A}.Debug|x64.ActiveCfg = Debug|x64
		{A74526FE-EE31-4089-A5E0-39C4C0D8260A}.Debug|x64.Build.0 = Debug|x64
		{A74526FE-EE31-4089-A5E0-39C4C0D8260A}.Debug|x86.ActiveCfg = Debug|Win32
		{A74526FE-EE31-4089-A5E0-39C4C0D8260A}.Debug|x86.Build.0 = Debug|Win32
		{A74526FE-EE31-4089-A5E0-39C4C0D8260A}.Release|x64.ActiveCfg = Release|x64
		{A74526FE-EE31-4089-A5E0-39C4C0D8260A}.Release|x64.Build.0 = Release|x64
		{A74526FE-EE31-4089-A5E0-39C4C0D8260A}.Release|x86.ActiveCfg = Release|Win32
		{A74526FE-EE31-4089-A5E0-39C4C0D8260A}.Release|x86.Build.0 = Release|Win32
		{F111081D-C3FA-4C35-AE4E-CB0AB56318D8}.Debug|x64.ActiveCfg = Debug|x64
		{F111081D-C3FA-4C35-AE4E-CB0AB56318D8}.Debug|x64.Build.0 = Debug|x64
		{F111081D-C3FA-4C35-AE4E-CB0AB56318D8}.Debug|x86.ActiveCfg = Debug|Win32
		{F111081D-C3FA-4C35-AE4E-CB0AB56318D8}.Debug|x86.Build.0 = Debug|Win32
		{F111081D-C3FA-4C35-AE4E-CB0AB56318D8}.Release|x64.ActiveCfg = Release|x64
		{F111081D-C3FA-4C35-AE4E-CB0AB56318D8}.Release|x64.Build.0 = Release|x64
		{F111081D-C3FA-4C35-AE4E-CB0AB56318D8}.Release|x86.ActiveCfg = Release|Win32
		{F111081D-C3FA-4C35-AE4E-CB0AB56318D8}.Release|x86.Build.0 = Release|Win32
		{FB61C9F4-5F3B-4F5E-A6AE-70755A2E9E66}.Debug|x64.ActiveCfg = Debug|x64
		{FB61C9F4-5F3B-4F5E-A6AE-70755A2E9E66}.Debug|x64.Build.0 = Debug|x64
		{FB61C9F4-5F3B-4F5E-A6AE-70755A2E9E66}.Debug|x86.ActiveCfg = Debug|Win32
		{FB61C9F4-5F3B-4F5E-A6AE-70755A2E9E66}.Debug|x86.Build.0 = Debug|Win32
		{FB61C9F4-5F3B-4F5E-A6AE-70755A2E9E66}.Release|x64.ActiveCfg = Release|x64
		{FB61C9F4-5F3B-4F5E-A6AE-70755A2E9E66}.Release|x64.Build.0 = Release|x64
		{FB61C9F4-5F3B-4F5E-A6AE-70755A2E9E66}.Release|x86.ActiveCfg = Release|Win32
		{FB61C9F4-5F3B-4F5E-A6AE-70755A2E9E66}.Release|x86.Build.0 = Release|Win32
		{642ED2AD-725B-4C80-82EF-EB26AEE7F79A}.Debug|x64.ActiveCfg = Debug|x64
		{642ED2AD-725B-4C80-82EF-EB26AEE7F79A}.Debug|x64.Build.0 = Debug|x64
		{642ED2AD-725B-4C80-82EF-EB26AEE7F79A}.Debug|x86.ActiveCfg = Debug|Win32
		{642ED2AD-725B-4C80-82EF-EB26AEE7F79A}.Debug|x86.Build.0 = Debug|Win32
		{642ED2AD-725B-4C80-82EF-EB26AEE7F79A}.Release|x64.ActiveCfg = Release|x64
		{642ED2AD-725B-4C80-82EF-EB26AEE7F79A}.Release|x64.Build.0 = Release|x64
		{642ED2AD-725B-4C80-82EF-EB26AEE7F79A}.Release|x86.ActiveCfg = Release|Win32
		{642ED2AD-725B-4C80-82EF-EB26AEE7F79A}.Release|x86.Build.0 = Release|Win32
		{8D6A96E5-1EEA-41A2-A4B0-ED5842F9E034}.Debug|x64.ActiveCfg = Debug|x64
		{8D6A96E5-1EEA-41A2-A4B0-ED5842F9E034}.Debug|x64.Build.0 = Debug|x64
		{8D6A96E5-1EEA-41A2-A4B0-ED5842F9E034}.Debug|x86.ActiveCfg = Debug|Win32
		{8D6A96E5-1EEA-41A2-A4B0-ED5842F9E034}.Debug|x86.Build.0 = Debug|Win32
		{8D6A96E5-1EEA-41A2-A4B0-ED5842F9E034}.Release|x64.ActiveCfg = Release|x64
		{8D6A96E5-1EEA-41A2-A4B0-ED5842F9E034}.Release|x64.Build.0 = Release|x64
		{8D6A96E5-1EEA-41A2-A4B0-ED5842F9E034}.Release|x86.ActiveCfg = Release|Win32
		{8D6A96E5-1EEA-41A2-A4B0-ED5842F9E034}.Release|x86.Build.0 = Release|Win32
		{316AD2C0-6AB7-4B65-B5E5-E2D4558D040F}.Debug|x64.ActiveCfg = Debug|x64
		{316AD2C0-6AB7-4B65-B5E5-E2D4558D040F}.Debug|x64.Build.0 = Debug|x64
		{316AD2C0-6AB7-4B65-B5E5-E2D4558D040F}.Debug|x86.ActiveCfg = Debug|Win32
		{316AD2C0-6AB7-4B65-B5E5-E2D4558D040F}.Debug|x86.Build.0 = Debug|Win32
		{316AD2C0-6AB7-4B65-B5E5-E2D4558D040F}.Release|x64.ActiveCfg = Release|x64
		{316AD2C0-6AB7-4B65-B5E5-E2D4558D040F}.Release|x64.Build.0 = Release|x64
		{316AD2C0-6AB7-4B65-B5E5-E2D4558D040F}.Release|x86.ActiveCfg = Release|Win32
		{316AD2C0-6AB7-4B65-B5E5-E2D4558D040F}.Release|x86.Build.0 = Release|Win32
		{DC0D326B-2FDE-4740-BBBC-29BAE83C7BF6}.Debug|x64.ActiveCfg = Debug|x64
		{DC0D326B-2FDE-4740-BBBC-29BAE83C7BF6}.Debug|x64.Build.0 = Debug|x64
		{DC0D326B-2FDE-4740-BBBC-29BAE83C7BF6}.Debug|x86.ActiveCfg = Debug|Win32
		{DC0D326B-2FDE-4740-BBBC-29BAE83C7BF6}.Debug|x86.Build.0 = Debug|Win32
		{DC0D326B-2FDE-4740-BBBC-29BAE83C7BF6}.Release|x64.ActiveCfg = Release|x64
		{DC0D326B-2FDE-4740-BBBC-29BAE83C7BF6}.Release|x64.Build.0 = Release|x64
		{DC0D326B-2FDE-4740-BBBC-29BAE83C7BF6}.Release|x86.ActiveCfg = Release|Win32
		{DC0D326B-2FDE-4740-BBBC-29BAE83C7BF6}.Release|x86.Build.0 = Release|Win32
		{CC25018F-1847-4A9C-BD3F-17761BA1B7E3}.Debug|x64.ActiveCfg = Debug|x64
		{CC25018F-1847-4A9C-BD3F-17761BA1B7E3}.Debug|x64.Build.0 = Debug|x64
		{CC25018F-1847-4A9C-BD3F-17761BA1B7E3}.Debug|x86.ActiveCfg = Debug|Win32
		{CC25018F-1847-4A9C-BD3F-17761BA1B7E3}.Debug|x86.Build.0 = Debug|Win32
		{CC25018F-1847-4A9C-BD3F-17761BA1B7E3}.Release|x64.ActiveCfg = Release|x64
		{CC25018F-1847-4A9C-BD3F-17761BA1B7E3}.Release|x64.Build.0 = Release|x64
		{CC25018F-1847-4A9C-BD3F-17761BA1B7E3}.Release|x86.ActiveCfg = Release|Win32
		{CC25018F-1847-4A9C-BD3F-17761BA1B7E3}.Release|x86.Build.0 = Release|Win32
		{CEABF8CD-9778-434B-90AF-FFC999ED977C}.Debug|x64.ActiveCfg = Debug|x64
		{CEABF8CD-9778-434B-90AF-FFC999ED977C}.Debug|x64.Build.0 = Debug|x64
		{CEABF8CD-9778-434B-90AF-FFC999ED977C}.Debug|x86.ActiveCfg = Debug|Win32
		{CEABF8CD-9778-434B-90AF-FFC999ED977C}.Debug|x86.Build.0 = Debug|Win32
		{CEABF8CD-9778-434B-90AF-FFC999ED977C}.Release|x64.ActiveCfg = Release|x64
		{CEABF8CD-9778-434B-90AF-FFC999ED977C}.Release|x64.Build.0 = Release|x64
		{CEABF8CD-9778-434B-90AF-FFC999ED977C}.Release|x86.ActiveCfg = Release|Win32
		{CEABF8CD-9778-434B-90AF-FFC999ED977C}.Release|x86.Build.0 = Release|Win32
		{F130F39E-A590-4AC8-A490-370DA4D55D00}.Debug|x64.ActiveCfg = Debug|x64
		{F130F39E-A590-4AC8-A490-370DA4D55D00}.Debug|x64.Build.0 = Debug|x64
		{F130F39E-A590-4AC8-A490-370DA4D55D00}.Debug|x86.ActiveCfg = Debug|Win32
		{F130F39E-A590-4AC8-A490-370DA4D55D00}.Debug|x86.Build.0 = Debug|Win32
		{F130F39E-A590-4AC8-A490-370DA4D55D00}.Release|x64.ActiveCfg = Release|x64
		{F130F39E-A590-4AC8-A490-370DA4D55D00}.Release|x64.Build.0 = Release|x64
		{F130F39E-A590-4AC8-A490-370DA4D55D00}.Release|x86.ActiveCfg = Release|Win32
		{F130F39E-A590-4AC8-A490-370DA4D55D00}.Release|x86.Build.0 = Release|Win32
		{05AC7AFE-27EF-4ABD-9992-3F6D2FC465BD}.Debug|x64.ActiveCfg = Debug|x64
		{05AC7AFE-27EF-4ABD-9992-3F6D2FC465BD}.Debug|x64.Build.0 = Debug|x64
		{05AC7AFE-27EF-4ABD-9992-3F6D2FC465BD}.Debug|x86.ActiveCfg = Debug|Win32
		{05AC7AFE-27EF-4ABD-9992-3F6D2FC465BD}.Debug|x86.Build.0 = Debug|Win32
		{05AC7AFE-27EF-4ABD-9992-3F6D2FC465BD}.Release|x64.ActiveCfg = Release|x64
		{05AC7AFE-27EF-4ABD-9992-3F6D2FC465BD}.Release|x64.Build.0 = Release|x64
		{05AC7AFE-27EF-4ABD-9992-3F6D2FC465BD}.Release|x86.ActiveCfg = Release|Win32
		{05AC7AFE-27EF-4ABD-9992-3F6D2FC465BD}.Release|x86.Build.0 = Release|Win32
		{B3070BEE-A634-47C4-BBB2-A097B8F006CA}.Debug|x64.ActiveCfg = Debug|x64
		{B3070BEE-A634-47C4-BBB2-A097B8F006CA}.Debug|x64.Build.0 = Debug|x64
		{B3070BEE-A634-47C4-BBB2-A097B8F006CA}.Debug|x86.ActiveCfg = Debug|Win32
		{B3070BEE-A634-47C4-BBB2-A097B8F006CA}.Debug|x86.Build.0 = Debug|Win32
		{B3070BEE-A634-47C4-BBB2-A097B8F006CA}.Release|x64.ActiveCfg = Release|x64
		{B3070BEE-A634-47C4-BBB2-A097B8F006CA}.Release|x64.Build.0 = Release|x64
		{B3070BEE-A634-47C4-BBB2-A097B8F006CA}.Release|x86.ActiveCfg = Release|Win32
		{B3070BEE-A634-47C4-BBB2-A097B8F006CA}.Release|x86.Build.0 = Release|Win32
		{67F2DC9A-227B-4888-85CD-9EF9A3CEACB4}.Debug|x64.ActiveCfg = Debug|x64
		{67F2DC9A-227B-4888-85CD-9EF9A3CEACB4}.Debug|x64.Build.0 = Debug|x64
		{67F2DC9A-227B-4888-85CD-9EF9A3CEACB4}.Debug|x86.ActiveCfg = Debug|Win32
		{67F2DC9A-227B-4888-85CD-9EF9A3CEACB4}.Debug|x86.Build.0 = Debug|Win32
		{67F2DC9A-227B-4888-85CD-9EF9A3CEACB4}.Release|x64.ActiveCfg = Release|x64
		{67F2DC9A-227B-4888-85CD-9EF9A3CEACB4}.Release|x64.Build.0 = Release|x64
		{67F2DC9A-227B-4888-85CD-9EF9A3CEACB4}.Release|x86.ActiveCfg = Release|Win32
		{67F2DC9A-227B-4888-85CD-9EF9A3CEACB4}.Release|x86.Build.0 = Release|Win32
		{4A67B1CF-7BD3-4809-8DA9-2DFA6E583671}.Debug|x64.ActiveCfg = Debug|x64
		{4A67B1CF-7BD3-4809-8DA9-2DFA6E583671}.Debug|x64.Build.0 = Debug|x64
		{4A67B1CF-7BD3-4809-8DA9-2DFA6E583671}.Debug|x86.ActiveCfg = Debug|Win32
		{4A67B1CF-7BD3-4809-8DA9-2DFA6E583671}.Debug|x86.Build.0 = Debug|Win32
		{4A67B1CF-7BD3-4809-8DA9-2DFA6E583671}.Release|x64.ActiveCfg = Release|x64
		{4A67B1CF-7BD3-4809-8DA9-2DFA6E583671}.Release|x64.Build.0 = Release|x64
		{4A67B1CF-7BD3-4809-8DA9-2DFA6E583671}.Release|x86.ActiveCfg = Release|Win32
		{4A67B1CF-7BD3-4809-8DA9-2DFA6E583671}.Release|x86.Build.0 = Release|Win32
		{8B61B342-383F-4E63-A64E-5FE4776D3006}.Debug|x64.ActiveCfg = Debug|x64
		{8B61B342-383F-4E63-A64E-5FE4776D3006}.Debug|x64.Build.0 = Debug|x64
		{8B61B342-383F-4E63-A64E-5FE4776D3006}.Debug|x86.ActiveCfg = Debug|Win32
		{8B61B342-383F-4E63-A64E-5FE4776D3006}.Debug|x86.Build.0 = Debug|Win32
		{8B61B342-383F-4E63-A64E-5FE4776D3006}.Release|x64.ActiveCfg = Release|x64
		{8B61B342-383F-4E63-A64E-5FE4776D3006}.Release|x64.Build.0 = Release|x64
		{8B61B342-383F-4E63-A64E-5FE4776D3006}.Release|x86.ActiveCfg = Release|Win32
		{8B61B342-383F-4E63-A64E-5FE4776D3006}.Release|x86.Build.0 = Release|Win32
		{867FA74F-F7F2-4CBB-8329-AB024EC877A0}.Debug|x64.ActiveCfg = Debug|x64
		{867FA74F-F7F2-4CBB-8329-AB024EC877A0}.Debug|x64.Build.0 = Debug|x64
		{867FA74F-F7F2-4CBB-8329-AB024EC877A0}.Debug|x86.ActiveCfg = Debug|Win32
		{867FA74F-F7F2-4CBB-8329-AB024EC877A0}.Debug|x86.Build.0 = Debug|Win32
		{867FA74F-F7F2-4CBB-8329-AB024EC877A0}.Release|x64.ActiveCfg = Release|x64
		{867FA74F-F7F2-4CBB-8329-AB024EC877A0}.Release|x64.Build.0 = Release|x64
		{867FA74F-F7F2-4CBB-8329-AB024EC877A0}.Release|x86.ActiveCfg = Release|Win32
		{867FA74F-F7F2-4CBB-8329-AB024EC877A0}.Release|x86.Build.0 = Release|Win32
		{103DCCA5-B4DC-48E7-B731-4B0EEF1BFF27}.Debug|x64.ActiveCfg = Debug|x64
		{103DCCA5-B4DC-48E7-B731-4B0EEF1BFF27}.Debug|x64.Build.0 = Debug|x64
		{103DCCA5-B4DC-48E7-B731-4B0EEF1BFF27}.Debug|x86.ActiveCfg = Debug|Win32
		{103DCCA5-B4DC-48E7-B731-4B0EEF1BFF27}.Debug|x86.Build.0 = Debug|Win32
		{103DCCA5-B4DC-48E7-B731-4B0EEF1BFF27}.Release|x64.ActiveCfg = Release|x64
		{103DCCA5-B4DC-48E7-B731-4B0EEF1BFF27}.Release|x64.Build.0 = Release|x64
		{103DCCA5-B4DC-48E7-B731-4B0EEF1BFF27}.Release|x86.ActiveCfg = Release|Win32
		{103DCCA5-B4DC-48E7-B731-4B0EEF1BFF27}.Release|x86.Build.0 = Release|Win32
		{01DF00E6-6BA0-4133-93BA-7C8C38856735}.Debug|x64.ActiveCfg = Debug|x64
		{01DF00E6-6BA0-4133-93BA-7C8C38856735}.Debug|x64.Build.0 = Debug|x64
		{01DF00E6-6BA0-4133-93BA-7C8C38856735}.Debug|x86.ActiveCfg = Debug|Win32
		{01DF00E6-6BA0-4133-93BA-7C8C38856735}.Debug|x86.Build.0 = Debug|Win32
		{01DF00E6-6BA0-4133-93BA-7C8C38856735}.Release|x64.ActiveCfg = Release|x64
		{01DF00E6-6BA0-4133-93BA-7C8C38856735}.Release|x64.Build.0 = Release|x64
		{01DF00E6-6BA0-4133-93BA-7C8C38856735}.Release|x86.ActiveCfg = Release|Win32
		{01DF00E6-6BA0-4133-93BA-7C8C38856735}.Release|x86.Build.0 = Release|Win32
		{0840ACD5-2B04-42C1-9AFC-6DAAADFFC896}.Debug|x64.ActiveCfg = Debug|x64
		{0840ACD5-2B04-42C1-9AFC-6DAAADFFC896}.Debug|x64.Build.0 = Debug|x64
		{0840ACD5-2B04-42C1-9AFC-6DAAADFFC896}.Debug|x86.ActiveCfg = Debug|Win32
		{0840ACD5-2B04-42C1-9AFC-6DAAADFFC896}.Debug|x86.Build.0 = Debug|Win32
		{0840ACD5-2B04-42C1-9AFC-6DAAADFFC896}.Release|x64.ActiveCfg = Release|x64
		{0840ACD5-2B04-42C1-9AFC-6DAAADFFC896}.Release|x64.Build.0 = Release|x64
		{0840ACD5-2B04-42C1-9AFC-6DAAADFFC896}.Release|x86.ActiveCfg = Release|Win32
		{0840ACD5-2B04-42C1-9AFC-6DAAADFFC896}.Release|x86.Build.0 = Release|Win32
		{95D55C49-87FE-4C1D-9A59-2ADFC6F1F764}.Debug|x64.ActiveCfg = Debug|x64
		{95D55C49-87FE-4C1D-9A59-2ADFC6F1F764}.Debug|x64.Build.0 = Debug|x64
		{95D55C49-87FE-4C1D-9A59-2ADFC6F1F764}.Debug|x86.ActiveCfg = Debug|Win32
		{95D55C49-87FE-4C1D-9A59-2ADFC6F1F764}.Debug|x86.Build.0 = Debug|Win32
		{95D55C49-87FE-4C1D-9A59-2ADFC6F1F764}.Release|x64.ActiveCfg = Release|x64
		{95D55C49-87FE-4C1D-9A59-2ADFC6F1F764}.Release|x64.Build.0 = Release|x64
		{95D55C49-87FE-4C1D-9A59-2ADFC6F1F764}.Release|x86.ActiveCfg = Release|Win32
		{95D55C49-87FE-4C1D-9A59-2ADFC6F1F764}.Release|x86.Build.0 = Release|Win32
		{E02B4614-4C6D-413B-8422-B4A802C8F4B8}.Debug|x64.ActiveCfg = Debug|x64
		{E02B4614-4C6D-413B-8422-B4A802C8F4B8}.Debug|x64.Build.0 = Debug|x64
		{E02B4614-4C6D-413B-8422-B4A802C8F4B8}.Debug|x86.ActiveCfg = Debug|Win32
		{E02B4614-4C6D-413B-8422-B4A802C8F4B8}.Debug|x86.Build.0 = Debug|Win32
		{E02B4614-4C6D-413B-8422-B4A802C8F4B8}.Release|x64.ActiveCfg = Release|x64
		{E02B4614-4C6D-413B-8422-B4A802C8F4B8}.Release|x64.Build.0 = Release|x64
		{E02B4614-4C6D-413B-8422-B4A802C8F4B8}.Release|x86.ActiveCfg = Release|Win32
		{E02B4614-4C6D-413B-8422-B4A802C8F4B8}.Release|x86.Build.0 = Release|Win32
		{B295FBF7-3C85-4E66-8FD5-21D12AE3DA59}.Debug|x64.ActiveCfg = Debug|x64
		{B295FBF7-3C85-4E66-8FD5-21D12AE3DA59}.Debug|x64.Build.0 = Debug|x64
		{B295FBF7-3C85-4E66-8FD5-21D12AE3DA59}.Debug|x86.ActiveCfg = Debug|Win32
		{B295FBF7-3C85-4E66-8FD5-21D12AE3DA59}.Debug|x86.Build.0 = Debug|Win32
		{B295FBF7-3C85-4E66-8FD5-21D12AE3DA59}.Release|x64.ActiveCfg = Release|x64
		{B295FBF7-3C85-4E66-8FD5-21D12AE3DA59}.Release|x64.Build.0 = Release|x64
		{B295FBF7-3C85-4E66-8FD5-21D12AE3DA59}.Release|x86.ActiveCfg = Release|Win32
		{B295FBF7-3C85-4E66-8FD5-21D12AE3DA59}.Release|x86.Build.0 = Release|Win32
		{993CC3FA-74E3-45FF-AE63-3131470DCB96}.Debug|x64.ActiveCfg = Debug|x64
		{993CC3FA-74E3-45FF-AE63-3131470DCB96}.Debug|x64.Build.0 = Debug|x64
		{993CC3FA-74E3-45FF-AE63-3131470DCB96}.Debug|x86.ActiveCfg = Debug|Win32
		{993CC3FA-74E3-45FF-AE63-3131470DCB96}.Debug|x86.Build.0 = Debug|Win32
		{993CC3FA-74E3-45FF-AE63-3131470DCB96}.Release|x64.ActiveCfg = Release|x64
		{993CC3FA-74E3-45FF-AE63-3131470DCB96}.Release|x64.Build.0 = Release|x64
		{993CC3FA-74E3-45FF-AE63-3131470DCB96}.Release|x86.ActiveCfg = Release|Win32
		{993CC3FA-74E3-45FF-AE63-3131470DCB96}.Release|x86.Build.0 = Release|Win32
		{920A911E-DEC7-49B1-AD42-184EF01305B5}.Debug|x64.ActiveCfg = Debug|x64
		{920A911E-DEC7-49B1-AD42-184EF01305B5}.Debug|x64.Build.0 = Debug|x64
		{920A911E-DEC7-49B1-AD42-184EF01305B5}.Debug|x86.ActiveCfg = Debug|Win32
		{920A911E-DEC7-49B1-AD42-184EF01305B5}.Debug|x86.Build.0 = Debug|Win32
		{920A911E-DEC7-49B1-AD42-184EF01305B5}.Release|x64.ActiveCfg = Release|x64
		{920A911E-DEC7-49B1-AD42-184EF01305B5}.Release|x64.Build.0 = Release|x64
		{920A911E-DEC7-49B1-AD42-184EF01305B5}.Release|x86.ActiveCfg = Release|Win32
		{920A911E-DEC7-49B1-AD42-184EF01305B5}.Release|x86.Build.0 = Release|Win32
		{ADF13F14-BA7F-491B-B3E4-463A52F75ADB}.Debug|x64.ActiveCfg = Debug|x64
		{ADF13F14-BA7F-491B-B3E4-463A52F75ADB}.Debug|x64.Build.0 = Debug|x64
		{ADF13F14-BA7F-491B-B3E4-463A52F75ADB}.Debug|x86.ActiveCfg = Debug|Win32
		{ADF13F14-BA7F-491B-B3E4-463A52F75ADB}.Debug|x86.Build.0 = Debug|Win32
		{ADF13F14-BA7F-491B-B3E4-463A52F75ADB}.Release|x64.ActiveCfg = Release|x64
		{ADF13F14-BA7F-491B-B3E4-463A52F75ADB}.Release|x64.Build.0 = Release|x64
		{ADF13F14-BA7F-491B-B3E4-463A52F75ADB}.Release|x86.ActiveCfg = Release|Win32
		{ADF13F14-BA7F-491B-B3E4-463A52F75ADB}.Release|x86.Build.0 = Release|Win32
		{FBDA5A11-AE82-4253-AAE1-990D83ABDB78}.Debug|x64.ActiveCfg = Debug|x64
		{FBDA5A11-AE82-4253-AAE1-990D83ABDB78}.Debug|x64.Build.0 = Debug|x64
		{FBDA5A11-AE82-4253-AAE1-990D83ABDB78}.Debug|x86.ActiveCfg = Debug|Win32
		{FBDA5A11-AE82-4253-AAE1-990D83ABDB78}.Debug|x86.Build.0 = Debug|Win32
		{FBDA5A11-AE82-4253-AAE1-990D83ABDB78}.Release|x64.ActiveCfg = Release|x64
		{FBDA5A11-AE82-4253-AAE1-990D83ABDB78}.Release|x64.Build.0 = Release|x64
		{FBDA5A11-AE82-4253-AAE1-990D83ABDB78}.Release|x86.ActiveCfg = Release|Win32
		{FBDA5A11-AE82-4253-AAE1-990D83ABDB78}.Release|x86.Build.0 = Release|Win32
		{22C2B5C3-5ADE-4F86-8954-7097F4F8EE92}.Debug|x64.ActiveCfg = Debug|x64
		{22C2B5C3-5ADE-4F86-8954-7097F4F8EE92}.Debug|x64.Build.0 = Debug|x64
		{22C2B5C3-5ADE-4F86-8954-7097F4F8EE92}.Debug|x86.ActiveCfg = Debug|Win32
		{22C2B5C3-5ADE-4F86-8954-7097F4F8EE92}.Debug|x86.Build.0 = Debug|Win32
		{22C2B5C3-5ADE-4F86-8954-7097F4F8EE92}.Release|x64.ActiveCfg = Release|x64
		{22C2B5C3-5ADE-4F86-8954-7097F4F8EE92}.Release|x64.Build.0 = Release|x64
		{22C2B5C3-5ADE-4F86-8954-7097F4F8EE92}.Release|x86.ActiveCfg = Release|Win32
		{22C2B5C3-5ADE-4F86-8954-7097F4F8EE92}.Release|x86.Build.0 = Release|Win32
		{D393F1BD-4850-4FCB-964B-ADBB8F0FB693}.Debug|x64.ActiveCfg = Debug|x64
		{D393F1BD-4850-4FCB-964B-ADBB8F0FB693}.Debug|x64.Build.0 = Debug|x64
		{D393F1BD-4850-4FCB-964B-ADBB8F0FB693}.Debug|x86.ActiveCfg = Debug|Win32
		{D393F1BD-4850-4FCB-964B-ADBB8F0FB693}.Debug|x86.Build.0 = Debug|Win32
		{D393F1BD-4850-4FCB-964B-ADBB8F0FB693}.Release|x64.ActiveCfg = Release|x64
		{D393F1BD-4850-4FCB-964B-ADBB8F0FB693}.Release|x64.Build.0 = Release|x64
		{D393F1BD-4850-4FCB-964B-ADBB8F0FB693}.Release|x86.ActiveCfg = Release|Win32
		{D393F1BD-4850-4FCB-964B-ADBB8F0FB693}.Release|x86.Build.0 = Release|Win32
		{4B251545-8D8D-4005-A740-A69A72AF918F}.Debug|x64.ActiveCfg = Debug|x64
		{4B251545-8D8D-4005-A740-A69A72AF918F}.Debug|x64.Build.0 = Debug|x64
		{4B251545-8D8D-4005-A740-A69A72AF918F}.Debug|x86.ActiveCfg = Debug|Win32
		{4B251545-8D8D-4005-A740-A69A72AF918F}.Debug|x86.Build.0 = Debug|Win32
		{4B251545-8D8D-4005-A740-A69A72AF918F}.Release|x64.ActiveCfg = Release|x64
		{4B251545-8D8D-4005-A740-A69A72AF918F}.Release|x64.Build.0 = Release|x64
		{4B251545-8D8D-4005-A740-A69A72AF918F}.Release|x86.ActiveCfg = Release|Win32
		{4B251545-8D8D-4005-A740-A69A72AF918F}.Release|x86.Build.0 = Release|Win32
		{C712DBAE-870B-4C22-BADF-BCB9A29DB4FC}.Debug|x64.ActiveCfg = Debug|x64
		{C712DBAE-870B-4C22-BADF-BCB9A29DB4FC}.Debug|x64.Build.0 = Debug|x64
		{C712DBAE-870B-4C22-BADF-BCB9A29DB4FC}.Debug|x86.ActiveCfg = Debug|Win32
		{C712DBAE-870B-4C22-BADF-BCB9A29DB4FC}.Debug|x86.Build.0 = Debug|Win32
		{C712DBAE-870B-4C22-BADF-BCB9A29DB4FC}.Release|x64.ActiveCfg = Release|x64
		{C712DBAE-870B-4C22-BADF-BCB9A29DB4FC}.Release|x64.Build.0 = Release|x64
		{C712DBAE-870B-4C22-BADF-BCB9A29DB4FC}.Release|x86.ActiveCfg = Release|Win32
		{C712DBAE-870B-4C22-BADF-BCB9A29DB4FC}.Release|x86.Build.0 = Release|Win32
		{D4ED6A29-462C-44AC-A0EB-52863030947B}.Debug|x64.ActiveCfg = Debug|x64
		{D4ED6A29-462C-44AC-A0EB-52863030947B}.Debug|x64.Build.0 = Debug|x64
		{D4ED6A29-462C-44AC-A0EB-52863030947B}.Debug|x86.ActiveCfg = Debug|Win32
		{D4ED6A29-462C-44AC-A0EB-52863030947B}.Debug|x86.Build.0 = Debug|Win32
		{D4ED6A29-462C-44AC-A0EB-52863030947B}.Release|x64.ActiveCfg = Release|x64
		{D4ED6A29-462C-44AC-A0EB-52863030947B}.Release|x64.Build.0 = Release|x64
		{D4ED6A29-462C-44AC-A0EB-52863030947B}.Release|x86.ActiveCfg = Release|Win32
		{D4ED6A29-462C-44AC-A0EB-52863030947B}.Release|x86.Build.0 = Release|Win32
		{9E7B2F4D-A32F-4685-8941-31AE14486BDF}.Debug|x64.ActiveCfg = Debug|x64
		{9E7B2F4D-A32F-4685-8941-31AE14486BDF}.Debug|x64.Build.0 = Debug|x64
		{9E7B2F4D-A32F-4685-8941-31AE14486BDF}.Debug|x86.ActiveCfg = Debug|Win32
		{9E7B2F4D-A32F-4685-8941-31AE14486BDF}.Debug|x86.Build.0 = Debug|Win32
		{9E7B2F4D-A32F-4685-8941-31AE14486BDF}.Release|x64.ActiveCfg = Release|x64
		{9E7B2F4D-A32F-4685-8941-31AE14486BDF}.Release|x64.Build.0 = Release|x64
		{9E7B2F4D-A32F-4685-8941-31AE14486BDF}.Release|x86.ActiveCfg = Release|Win32
		{9E7B2F4D-A32F-4685-8941-31AE14486BDF}.Release|x86.Build.0 = Release|Win32
		{D80D855C-11AC-4AD5-81F1-6C6C6C039554}.Debug|x64.ActiveCfg = Debug|x64
		{D80D855C-11AC-4AD5-81F1-6C6C6C039554}.Debug|x64.Build.0 = Debug|x64
		{D80D855C-11AC-4AD5-81F1-6C6C6C039554}.Debug|x86.ActiveCfg = Debug|Win32
		{D80D855C-11AC-4AD5-81F1-6C6C6C039554}.Debug|x86.Build.0 = Debug|Win32
		{D80D855C-11AC-4AD5-81F1-6C6C6C039554}.Release|x64.ActiveCfg = Release|x64
		{D80D855C-11AC-4AD5-81F1-6C6C6C039554}.Release|x64.Build.0 = Release|x64
		{D80D855C-11AC-4AD5-81F1-6C6C6C039554}.Release|x86.ActiveCfg = Release|Win32
		{D80D855C-11AC-4AD5-81F1-6C6C6C039554}.Release|x86.Build.0 = Release|Win32
		{FFC50989-3366-4434-9AD0-9D3EA7E69E8A}.Debug|x64.ActiveCfg = Debug|x64
		{FFC50989-3366-4434-9AD0-9D3EA7E69E8A}.Debug|x64.Build.0 = Debug|x64
		{FFC50989-3366-4434-9AD0-9D3EA7E69E8A}.Debug|x86.ActiveCfg = Debug|Win32
		{FFC50989-3366-4434-9AD0-9D3EA7E69E8A}.Debug|x86.Build.0 = Debug|Win32
		{FFC50989-3366-4434-9AD0-9D3EA7E69E8A}.Release|x64.ActiveCfg = Release|x64
		{FFC50989-3366-4434-9AD0-9D3EA7E69E8A}.Release|x64.Build.0 = Release|x64
		{FFC50989-3366-4434-9AD0-9D3EA7E69E8A}.Release|x86.ActiveCfg = Release|Win32
		{FFC50989-3366-4434-9AD0-9D3EA7E69E8A}.Release|x86.Build.0 = Release|Win32
		{21E1D7BA-42D0-4843-93B6-514F7C49D94A}.Debug|x64.ActiveCfg = Debug|x64
		{21E1D7BA-42D0-4843-93B6-514F7C49D94A}.Debug|x64.Build.0 = Debug|x64
		{21E1D7BA-42D0-4843-93B6-514F7C49D94A}.Debug|x86.ActiveCfg = Debug|Win32
		{21E1D7BA-42D0-4843-93B6-514F7C49D94A}.Debug|x86.Build.0 = Debug|Win32
		{21E1D7BA-42D0-4843-93B6-514F7C49D94A}.Release|x64.ActiveCfg = Release|x64
		{21E1D7BA-42D0-4843-93B6-514F7C49D94A}.Release|x64.Build.0 = Release|x64
		{21E1D7BA-42D0-4843-93B6-514F7C49D94A}.Release|x86.ActiveCfg = Release|Win32
		{21E1D7BA-42D0-4843-93B6-514F7C49D94A}.Release|x86.Build.0 = Release|Win32
		{909CA8BD-5E21-455A-AF13-257931D9D496}.Debug|x64.ActiveCfg = Debug|x64
		{909CA8BD-5E21-455A-AF13-257931D9D496}.Debug|x64.Build.0 = Debug|x64
		{909CA8BD-5E21-455A-AF13-257931D9D496}.Debug|x86.ActiveCfg = Debug|Win32
		{909CA8BD-5E21-455A-AF13-257931D9D496}.Debug|x86.Build.0 = Debug|Win32
		{909CA8BD-5E21-455A-AF13-257931D9D496}.Release|x64.ActiveCfg = Release|x64
		{909CA8BD-5E21-455A-AF13-257931D9D496}.Release|x64.Build.0 = Release|x64
		{909CA8BD-5E21-455A-AF13-257931D9D496}.Release|x86.ActiveCfg = Release|Win32
		{909CA8BD-5E21-455A-AF13-257931D9D496}.Release|x86.Build.0 = Release|Win32
	EndGlobalSection
	GlobalSection(SolutionProperties) = preSolution
		HideSolutionNode = FALSE
	EndGlobalSection
	GlobalSection(NestedProjects) = preSolution
		{DF2BEEF4-7A42-4E7E-BFB0-84D2F14AD369} = {D2DC039C-7A32-4A9B-96BB-D50A9D033040}
		{39D94666-810B-425A-A96B-8FD7F6C82EE9} = {D2DC039C-7A32-4A9B-96BB-D50A9D033040}
		{2FAD7E87-3116-4CAD-A6A0-6D10D81B28B9} = {D2DC039C-7A32-4A9B-96BB-D50A9D033040}
		{717C385E-D3A4-41B6-B3DF-73021C09B610} = {D2DC039C-7A32-4A9B-96BB-D50A9D033040}
		{5E39DFDE-85A4-407E-B120-D133153536D2} = {D2DC039C-7A32-4A9B-96BB-D50A9D033040}
		{85239F25-7021-4E66-A2C5-3A356AE81719} = {90586B1E-C7A9-48D7-A8C0-4BA85C938C71}
		{F4244AE1-1F25-412D-BB93-3C865CBA4972} = {90586B1E-C7A9-48D7-A8C0-4BA85C938C71}
		{5A844B63-F7F4-42C8-B7E2-239D20BC1D60} = {90586B1E-C7A9-48D7-A8C0-4BA85C938C71}
		{1A3E9957-D9A9-4D33-AC8B-7C9DAD1A9202} = {90586B1E-C7A9-48D7-A8C0-4BA85C938C71}
		{A74526FE-EE31-4089-A5E0-39C4C0D8260A} = {90586B1E-C7A9-48D7-A8C0-4BA85C938C71}
		{F111081D-C3FA-4C35-AE4E-CB0AB56318D8} = {AF7755A9-5C1F-4E45-A07B-FF380D585730}
		{FB61C9F4-5F3B-4F5E-A6AE-70755A2E9E66} = {AF7755A9-5C1F-4E45-A07B-FF380D585730}
		{642ED2AD-725B-4C80-82EF-EB26AEE7F79A} = {AF7755A9-5C1F-4E45-A07B-FF380D585730}
		{8D6A96E5-1EEA-41A2-A4B0-ED5842F9E034} = {AF7755A9-5C1F-4E45-A07B-FF380D585730}
		{316AD2C0-6AB7-4B65-B5E5-E2D4558D040F} = {AF7755A9-5C1F-4E45-A07B-FF380D585730}
		{DC0D326B-2FDE-4740-BBBC-29BAE83C7BF6} = {1F90134D-E759-423C-94F3-CAA70F88AFBC}
		{CC25018F-1847-4A9C-BD3F-17761BA1B7E3} = {1F90134D-E759-423C-94F3-CAA70F88AFBC}
		{CEABF8CD-9778-434B-90AF-FFC999ED977C} = {1F90134D-E759-423C-94F3-CAA70F88AFBC}
		{F130F39E-A590-4AC8-A490-370DA4D55D00} = {1F90134D-E759-423C-94F3-CAA70F88AFBC}
		{05AC7AFE-27EF-4ABD-9992-3F6D2FC465BD} = {1F90134D-E759-423C-94F3-CAA70F88AFBC}
		{B3070BEE-A634-47C4-BBB2-A097B8F006CA} = {1BF3024C-CEE8-4C8E-AD69-29AC00DCB383}
		{67F2DC9A-227B-4888-85CD-9EF9A3CEACB4} = {1BF3024C-CEE8-4C8E-AD69-29AC00DCB383}
		{4A67B1CF-7BD3-4809-8DA9-2DFA6E583671} = {1BF3024C-CEE8-4C8E-AD69-29AC00DCB383}
		{8B61B342-383F-4E63-A64E-5FE4776D3006} = {1BF3024C-CEE8-4C8E-AD69-29AC00DCB383}
		{867FA74F-F7F2-4CBB-8329-AB024EC877A0} = {1BF3024C-CEE8-4C8E-AD69-29AC00DCB383}
		{103DCCA5-B4DC-48E7-B731-4B0EEF1BFF27} = {DE026F7A-7D3F-4FF0-9F88-A899A5958FDD}
		{01DF00E6-6BA0-4133-93BA-7C8C38856735} = {DE026F7A-7D3F-4FF0-9F88-A899A5958FDD}
		{0840ACD5-2B04-42C1-9AFC-6DAAADFFC896} = {DE026F7A-7D3F-4FF0-9F88-A899A5958FDD}
		{95D55C49-87FE-4C1D-9A59-2ADFC6F1F764} = {DE026F7A-7D3F-4FF0-9F88-A899A5958FDD}
		{E02B4614-4C6D-413B-8422-B4A802C8F4B8} = {DE026F7A-7D3F-4FF0-9F88-A899A5958FDD}
		{B295FBF7-3C85-4E66-8FD5-21D12AE3DA59} = {DB7A777C-FDB2-4341-9484-DE6B11C12439}
		{993CC3FA-74E3-45FF-AE63-3131470DCB96} = {DB7A777C-FDB2-4341-9484-DE6B11C12439}
		{920A911E-DEC7-49B1-AD42-184EF01305B5} = {DB7A777C-FDB2-4341-9484-DE6B11C12439}
		{ADF13F14-BA7F-491B-B3E4-463A52F75ADB} = {DB7A777C-FDB2-4341-9484-DE6B11C12439}
		{FBDA5A11-AE82-4253-AAE1-990D83ABDB78} = {DB7A777C-FDB2-4341-9484-DE6B11C12439}
		{22C2B5C3-5ADE-4F86-8954-7097F4F8EE92} = {6D2DB930-5B60-4415-8E5E-D9E4A6655A64}
		{D393F1BD-4850-4FCB-964B-ADBB8F0FB693} = {6D2DB930-5B60-4415-8E5E-D9E4A6655A64}
		{4B251545-8D8D-4005-A740-A69A72AF918F} = {6D2DB930-5B60-4415-8E5E-D9E4A6655A64}
		{C712DBAE-870B-4C22-BADF-BCB9A29DB4FC} = {6D2DB930-5B60-4415-8E5E-D9E4A6655A64}
		{D4ED6A29-462C-44AC-A0EB-52863030947B} = {6D2DB930-5B60-4415-8E5E-D9E4A6655A64}
		{9E7B2F4D-A32F-4685-8941-31AE14486BDF} = {A117A097-0DF1-48EE-ABFE-03B114D288F9}
		{D80D855C-11AC-4AD5-81F1-6C6C6C039554} = {A117A097-0DF1-48EE-ABFE-03B114D288F9}
		{FFC50989-3366-4434-9AD0-9D3EA7E69E8A} = {A117A097-0DF1-48EE-ABFE-03B114D288F9}
		{21E1D7BA-42D0-4843-93B6-514F7C49D94A} = {A117A097-0DF1-48EE-ABFE-03B114D288F9}
		{909CA8BD-5E21-455A-AF13-257931D9D496} = {A117A097-0DF1-48EE-ABFE-03B114D288F9}
	EndGlobalSection
	GlobalSection(ExtensibilityGlobals) = postSolution
		SolutionGuid = {CF370241-31E7-45B2-BBC1-42FF69E978EF}
	EndGlobalSection
EndGlobal
